# Auto-generated by `ghagen pin`. Do not edit manually.

pins:
  actions/checkout@v6:
    sha: d23441a48e516b6c34aea4fa41551a30e30af803
    resolved_at: "2026-07-20T20:25:22.131322+00:00"
  actions/deploy-pages@v5:
    sha: cd2ce8fcbc39b97be8ca5fce6e763baed58fa128
    resolved_at: "2026-07-20T20:25:22.131322+00:00"
  actions/setup-node@v6:
    sha: 249970729cb0ef3589644e2896645e5dc5ba9c38
    resolved_at: "2026-07-20T20:25:22.131322+00:00"
  actions/setup-python@v6:
    sha: ece7cb06caefa5fff74198d8649806c4678c61a1
    resolved_at: "2026-07-20T20:25:22.131322+00:00"
  actions/upload-pages-artifact@v5:
    sha: fc324d3547104276b827a68afc52ff2a11cc49c9
    resolved_at: "2026-07-20T20:25:22.131322+00:00"
  astral-sh/setup-uv@v7:
    sha: 37802adc94f370d6bfd71619e3f0bf239e1f3b78
    resolved_at: "2026-07-20T20:25:22.131322+00:00"
  googleapis/release-please-action@v4:
    sha: 5c625bfb5d1ff62eadeeb3772007f7f66fdcf071
    resolved_at: "2026-07-20T20:25:22.131322+00:00"
  pypa/gh-action-pypi-publish@release/v1:
    sha: ba38be9e461d3875417946c167d0b5f3d385a247
    resolved_at: "2026-07-20T20:25:22.131322+00:00"
  rhysd/actionlint@v1.7.12:
    sha: 914e7df21a07ef503a81201c76d2b11c789d3fca
    resolved_at: "2026-07-20T20:25:22.131322+00:00"
